// !$*UTF8*$!
{
	archiveVersion = 1;
	classes = {
	};
	objectVersion = 46;
	objects = {

/* Begin PBXBuildFile section */
		576906BB7918260F346166FB /* libPods.a in Frameworks */ = {isa = PBXBuildFile; fileRef = 44F0620CED1D56A51E77E8D7 /* libPods.a */; };
		A1022F771C50D80F00A94D70 /* main.m in Sources */ = {isa = PBXBuildFile; fileRef = A1022F761C50D80F00A94D70 /* main.m */; };
		A1022F7A1C50D80F00A94D70 /* AppDelegate.m in Sources */ = {isa = PBXBuildFile; fileRef = A1022F791C50D80F00A94D70 /* AppDelegate.m */; };
		A1022F801C50D80F00A94D70 /* Main.storyboard in Resources */ = {isa = PBXBuildFile; fileRef = A1022F7E1C50D80F00A94D70 /* Main.storyboard */; };
		A1022F821C50D80F00A94D70 /* Assets.xcassets in Resources */ = {isa = PBXBuildFile; fileRef = A1022F811C50D80F00A94D70 /* Assets.xcassets */; };
		A1022F851C50D80F00A94D70 /* LaunchScreen.storyboard in Resources */ = {isa = PBXBuildFile; fileRef = A1022F831C50D80F00A94D70 /* LaunchScreen.storyboard */; };
		A1022F901C50D81000A94D70 /* DingGuangTests.m in Sources */ = {isa = PBXBuildFile; fileRef = A1022F8F1C50D81000A94D70 /* DingGuangTests.m */; };
		A1022F9B1C50D81000A94D70 /* DingGuangUITests.m in Sources */ = {isa = PBXBuildFile; fileRef = A1022F9A1C50D81000A94D70 /* DingGuangUITests.m */; };
		A17728241C50DA0F005A233C /* DGAdvert.swift in Sources */ = {isa = PBXBuildFile; fileRef = A17728231C50DA0F005A233C /* DGAdvert.swift */; };
/* End PBXBuildFile section */

/* Begin PBXContainerItemProxy section */
		A1022F8C1C50D81000A94D70 /* PBXContainerItemProxy */ = {
			isa = PBXContainerItemProxy;
			containerPortal = A1022F6A1C50D80F00A94D70 /* Project object */;
			proxyType = 1;
			remoteGlobalIDString = A1022F711C50D80F00A94D70;
			remoteInfo = DingGuang;
		};
		A1022F971C50D81000A94D70 /* PBXContainerItemProxy */ = {
			isa = PBXContainerItemProxy;
			containerPortal = A1022F6A1C50D80F00A94D70 /* Project object */;
			proxyType = 1;
			remoteGlobalIDString = A1022F711C50D80F00A94D70;
			remoteInfo = DingGuang;
		};
/* End PBXContainerItemProxy section */

/* Begin PBXFileReference section */
		078039DCC87980AC289EB4A9 /* Pods.debug.xcconfig */ = {isa = PBXFileReference; includeInIndex = 1; lastKnownFileType = text.xcconfig; name = Pods.debug.xcconfig; path = "Pods/Target Support Files/Pods/Pods.debug.xcconfig"; sourceTree = "<group>"; };
		1F98D1B1232B5979A77A53CE /* Pods.release.xcconfig */ = {isa = PBXFileReference; includeInIndex = 1; lastKnownFileType = text.xcconfig; name = Pods.release.xcconfig; path = "Pods/Target Support Files/Pods/Pods.release.xcconfig"; sourceTree = "<group>"; };
		44F0620CED1D56A51E77E8D7 /* libPods.a */ = {isa = PBXFileReference; explicitFileType = archive.ar; includeInIndex = 0; path = libPods.a; sourceTree = BUILT_PRODUCTS_DIR; };
		A1022F721C50D80F00A94D70 /* DingGuang.app */ = {isa = PBXFileReference; explicitFileType = wrapper.application; includeInIndex = 0; path = DingGuang.app; sourceTree = BUILT_PRODUCTS_DIR; };
		A1022F761C50D80F00A94D70 /* main.m */ = {isa = PBXFileReference; lastKnownFileType = sourcecode.c.objc; path = main.m; sourceTree = "<group>"; };
		A1022F781C50D80F00A94D70 /* AppDelegate.h */ = {isa = PBXFileReference; lastKnownFileType = sourcecode.c.h; path = AppDelegate.h; sourceTree = "<group>"; };
		A1022F791C50D80F00A94D70 /* AppDelegate.m */ = {isa = PBXFileReference; lastKnownFileType = sourcecode.c.objc; path = AppDelegate.m; sourceTree = "<group>"; };
		A1022F7F1C50D80F00A94D70 /* Base */ = {isa = PBXFileReference; lastKnownFileType = file.storyboard; name = Base; path = Base.lproj/Main.storyboard; sourceTree = "<group>"; };
		A1022F811C50D80F00A94D70 /* Assets.xcassets */ = {isa = PBXFileReference; lastKnownFileType = folder.assetcatalog; path = Assets.xcassets; sourceTree = "<group>"; };
		A1022F841C50D80F00A94D70 /* Base */ = {isa = PBXFileReference; lastKnownFileType = file.storyboard; name = Base; path = Base.lproj/LaunchScreen.storyboard; sourceTree = "<group>"; };
		A1022F861C50D80F00A94D70 /* Info.plist */ = {isa = PBXFileReference; lastKnownFileType = text.plist.xml; path = Info.plist; sourceTree = "<group>"; };
		A1022F8B1C50D81000A94D70 /* DingGuangTests.xctest */ = {isa = PBXFileReference; explicitFileType = wrapper.cfbundle; includeInIndex = 0; path = DingGuangTests.xctest; sourceTree = BUILT_PRODUCTS_DIR; };
		A1022F8F1C50D81000A94D70 /* DingGuangTests.m */ = {isa = PBXFileReference; lastKnownFileType = sourcecode.c.objc; path = DingGuangTests.m; sourceTree = "<group>"; };
		A1022F911C50D81000A94D70 /* Info.plist */ = {isa = PBXFileReference; lastKnownFileType = text.plist.xml; path = Info.plist; sourceTree = "<group>"; };
		A1022F961C50D81000A94D70 /* DingGuangUITests.xctest */ = {isa = PBXFileReference; explicitFileType = wrapper.cfbundle; includeInIndex = 0; path = DingGuangUITests.xctest; sourceTree = BUILT_PRODUCTS_DIR; };
		A1022F9A1C50D81000A94D70 /* DingGuangUITests.m */ = {isa = PBXFileReference; lastKnownFileType = sourcecode.c.objc; path = DingGuangUITests.m; sourceTree = "<group>"; };
		A1022F9C1C50D81000A94D70 /* Info.plist */ = {isa = PBXFileReference; lastKnownFileType = text.plist.xml; path = Info.plist; sourceTree = "<group>"; };
		A17728221C50DA0F005A233C /* DingGuang-Bridging-Header.h */ = {isa = PBXFileReference; lastKnownFileType = sourcecode.c.h; path = "DingGuang-Bridging-Header.h"; sourceTree = "<group>"; };
		A17728231C50DA0F005A233C /* DGAdvert.swift */ = {isa = PBXFileReference; fileEncoding = 4; lastKnownFileType = sourcecode.swift; path = DGAdvert.swift; sourceTree = "<group>"; };
/* End PBXFileReference section */

/* Begin PBXFrameworksBuildPhase section */
		A1022F6F1C50D80F00A94D70 /* Frameworks */ = {
			isa = PBXFrameworksBuildPhase;
			buildActionMask = 2147483647;
			files = (
				576906BB7918260F346166FB /* libPods.a in Frameworks */,
			);
			runOnlyForDeploymentPostprocessing = 0;
		};
		A1022F881C50D81000A94D70 /* Frameworks */ = {
			isa = PBXFrameworksBuildPhase;
			buildActionMask = 2147483647;
			files = (
			);
			runOnlyForDeploymentPostprocessing = 0;
		};
		A1022F931C50D81000A94D70 /* Frameworks */ = {
			isa = PBXFrameworksBuildPhase;
			buildActionMask = 2147483647;
			files = (
			);
			runOnlyForDeploymentPostprocessing = 0;
		};
/* End PBXFrameworksBuildPhase section */

/* Begin PBXGroup section */
		3DD12B162839746D6C1DFBE2 /* Pods */ = {
			isa = PBXGroup;
			children = (
				078039DCC87980AC289EB4A9 /* Pods.debug.xcconfig */,
				1F98D1B1232B5979A77A53CE /* Pods.release.xcconfig */,
			);
			name = Pods;
			sourceTree = "<group>";
		};
		3FC2432BE467BE84FCE531C1 /* Frameworks */ = {
			isa = PBXGroup;
			children = (
				44F0620CED1D56A51E77E8D7 /* libPods.a */,
			);
			name = Frameworks;
			sourceTree = "<group>";
		};
		A1022F691C50D80F00A94D70 = {
			isa = PBXGroup;
			children = (
				A1022F741C50D80F00A94D70 /* DingGuang */,
				A1022F8E1C50D81000A94D70 /* DingGuangTests */,
				A1022F991C50D81000A94D70 /* DingGuangUITests */,
				A1022F731C50D80F00A94D70 /* Products */,
				3DD12B162839746D6C1DFBE2 /* Pods */,
				3FC2432BE467BE84FCE531C1 /* Frameworks */,
			);
			sourceTree = "<group>";
		};
		A1022F731C50D80F00A94D70 /* Products */ = {
			isa = PBXGroup;
			children = (
				A1022F721C50D80F00A94D70 /* DingGuang.app */,
				A1022F8B1C50D81000A94D70 /* DingGuangTests.xctest */,
				A1022F961C50D81000A94D70 /* DingGuangUITests.xctest */,
			);
			name = Products;
			sourceTree = "<group>";
		};
		A1022F741C50D80F00A94D70 /* DingGuang */ = {
			isa = PBXGroup;
			children = (
				A1022F781C50D80F00A94D70 /* AppDelegate.h */,
				A1022F791C50D80F00A94D70 /* AppDelegate.m */,
				A17728231C50DA0F005A233C /* DGAdvert.swift */,
				A1022F7E1C50D80F00A94D70 /* Main.storyboard */,
				A1022F811C50D80F00A94D70 /* Assets.xcassets */,
				A1022F831C50D80F00A94D70 /* LaunchScreen.storyboard */,
				A1022F861C50D80F00A94D70 /* Info.plist */,
				A1022F751C50D80F00A94D70 /* Supporting Files */,
				A17728221C50DA0F005A233C /* DingGuang-Bridging-Header.h */,
			);
			path = DingGuang;
			sourceTree = "<group>";
		};
		A1022F751C50D80F00A94D70 /* Supporting Files */ = {
			isa = PBXGroup;
			children = (
				A1022F761C50D80F00A94D70 /* main.m */,
			);
			name = "Supporting Files";
			sourceTree = "<group>";
		};
		A1022F8E1C50D81000A94D70 /* DingGuangTests */ = {
			isa = PBXGroup;
			children = (
				A1022F8F1C50D81000A94D70 /* DingGuangTests.m */,
				A1022F911C50D81000A94D70 /* Info.plist */,
			);
			path = DingGuangTests;
			sourceTree = "<group>";
		};
		A1022F991C50D81000A94D70 /* DingGuangUITests */ = {
			isa = PBXGroup;
			children = (
				A1022F9A1C50D81000A94D70 /* DingGuangUITests.m */,
				A1022F9C1C50D81000A94D70 /* Info.plist */,
			);
			path = DingGuangUITests;
			sourceTree = "<group>";
		};
/* End PBXGroup section */

/* Begin PBXNativeTarget section */
		A1022F711C50D80F00A94D70 /* DingGuang */ = {
			isa = PBXNativeTarget;
			buildConfigurationList = A1022F9F1C50D81000A94D70 /* Build configuration list for PBXNativeTarget "DingGuang" */;
			buildPhases = (
				B21243FE954CE87F55327CDA /* Check Pods Manifest.lock */,
				A1022F6E1C50D80F00A94D70 /* Sources */,
				A1022F6F1C50D80F00A94D70 /* Frameworks */,
				A1022F701C50D80F00A94D70 /* Resources */,
				19DBEF94A144E25D9DED763A /* Embed Pods Frameworks */,
				5B513B363D0C5AAFC1096E32 /* Copy Pods Resources */,
			);
			buildRules = (
			);
			dependencies = (
			);
			name = DingGuang;
			productName = DingGuang;
			productReference = A1022F721C50D80F00A94D70 /* DingGuang.app */;
			productType = "com.apple.product-type.application";
		};
		A1022F8A1C50D81000A94D70 /* DingGuangTests */ = {
			isa = PBXNativeTarget;
			buildConfigurationList = A1022FA21C50D81000A94D70 /* Build configuration list for PBXNativeTarget "DingGuangTests" */;
			buildPhases = (
				A1022F871C50D81000A94D70 /* Sources */,
				A1022F881C50D81000A94D70 /* Frameworks */,
				A1022F891C50D81000A94D70 /* Resources */,
			);
			buildRules = (
			);
			dependencies = (
				A1022F8D1C50D81000A94D70 /* PBXTargetDependency */,
			);
			name = DingGuangTests;
			productName = DingGuangTests;
			productReference = A1022F8B1C50D81000A94D70 /* DingGuangTests.xctest */;
			productType = "com.apple.product-type.bundle.unit-test";
		};
		A1022F951C50D81000A94D70 /* DingGuangUITests */ = {
			isa = PBXNativeTarget;
			buildConfigurationList = A1022FA51C50D81000A94D70 /* Build configuration list for PBXNativeTarget "DingGuangUITests" */;
			buildPhases = (
				A1022F921C50D81000A94D70 /* Sources */,
				A1022F931C50D81000A94D70 /* Frameworks */,
				A1022F941C50D81000A94D70 /* Resources */,
			);
			buildRules = (
			);
			dependencies = (
				A1022F981C50D81000A94D70 /* PBXTargetDependency */,
			);
			name = DingGuangUITests;
			productName = DingGuangUITests;
			productReference = A1022F961C50D81000A94D70 /* DingGuangUITests.xctest */;
			productType = "com.apple.product-type.bundle.ui-testing";
		};
/* End PBXNativeTarget section */

/* Begin PBXProject section */
		A1022F6A1C50D80F00A94D70 /* Project object */ = {
			isa = PBXProject;
			attributes = {
				LastUpgradeCheck = 0720;
				ORGANIZATIONNAME = dingguangiPhone;
				TargetAttributes = {
					A1022F711C50D80F00A94D70 = {
						CreatedOnToolsVersion = 7.2;
					};
					A1022F8A1C50D81000A94D70 = {
						CreatedOnToolsVersion = 7.2;
						TestTargetID = A1022F711C50D80F00A94D70;
					};
					A1022F951C50D81000A94D70 = {
						CreatedOnToolsVersion = 7.2;
						TestTargetID = A1022F711C50D80F00A94D70;
					};
				};
			};
			buildConfigurationList = A1022F6D1C50D80F00A94D70 /* Build configuration list for PBXProject "DingGuang" */;
			compatibilityVersion = "Xcode 3.2";
			developmentRegion = English;
			hasScannedForEncodings = 0;
			knownRegions = (
				en,
				Base,
			);
			mainGroup = A1022F691C50D80F00A94D70;
			productRefGroup = A1022F731C50D80F00A94D70 /* Products */;
			projectDirPath = "";
			projectRoot = "";
			targets = (
				A1022F711C50D80F00A94D70 /* DingGuang */,
				A1022F8A1C50D81000A94D70 /* DingGuangTests */,
				A1022F951C50D81000A94D70 /* DingGuangUITests */,
			);
		};
/* End PBXProject section */

/* Begin PBXResourcesBuildPhase section */
		A1022F701C50D80F00A94D70 /* Resources */ = {
			isa = PBXResourcesBuildPhase;
			buildActionMask = 2147483647;
			files = (
				A1022F851C50D80F00A94D70 /* LaunchScreen.storyboard in Resources */,
				A1022F821C50D80F00A94D70 /* Assets.xcassets in Resources */,
				A1022F801C50D80F00A94D70 /* Main.storyboard in Resources */,
			);
			runOnlyForDeploymentPostprocessing = 0;
		};
		A1022F891C50D81000A94D70 /* Resources */ = {
			isa = PBXResourcesBuildPhase;
			buildActionMask = 2147483647;
			files = (
			);
			runOnlyForDeploymentPostprocessing = 0;
		};
		A1022F941C50D81000A94D70 /* Resources */ = {
			isa = PBXResourcesBuildPhase;
			buildActionMask = 2147483647;
			files = (
			);
			runOnlyForDeploymentPostprocessing = 0;
		};
/* End PBXResourcesBuildPhase section */

/* Begin PBXShellScriptBuildPhase section */
		19DBEF94A144E25D9DED763A /* Embed Pods Frameworks */ = {
			isa = PBXShellScriptBuildPhase;
			buildActionMask = 2147483647;
			files = (
			);
			inputPaths = (
			);
			name = "Embed Pods Frameworks";
			outputPaths = (
			);
			runOnlyForDeploymentPostprocessing = 0;
			shellPath = /bin/sh;
			shellScript = "\"${SRCROOT}/Pods/Target Support Files/Pods/Pods-frameworks.sh\"\n";
			showEnvVarsInLog = 0;
		};
		5B513B363D0C5AAFC1096E32 /* Copy Pods Resources */ = {
			isa = PBXShellScriptBuildPhase;
			buildActionMask = 2147483647;
			files = (
			);
			inputPaths = (
			);
			name = "Copy Pods Resources";
			outputPaths = (
			);
			runOnlyForDeploymentPostprocessing = 0;
			shellPath = /bin/sh;
			shellScript = "\"${SRCROOT}/Pods/Target Support Files/Pods/Pods-resources.sh\"\n";
			showEnvVarsInLog = 0;
		};
		B21243FE954CE87F55327CDA /* Check Pods Manifest.lock */ = {
			isa = PBXShellScriptBuildPhase;
			buildActionMask = 2147483647;
			files = (
			);
			inputPaths = (
			);
			name = "Check Pods Manifest.lock";
			outputPaths = (
			);
			runOnlyForDeploymentPostprocessing = 0;
			shellPath = /bin/sh;
			shellScript = "diff \"${PODS_ROOT}/../Podfile.lock\" \"${PODS_ROOT}/Manifest.lock\" > /dev/null\nif [[ $? != 0 ]] ; then\n    cat << EOM\nerror: The sandbox is not in sync with the Podfile.lock. Run 'pod install' or update your CocoaPods installation.\nEOM\n    exit 1\nfi\n";
			showEnvVarsInLog = 0;
		};
/* End PBXShellScriptBuildPhase section */

/* Begin PBXSourcesBuildPhase section */
		A1022F6E1C50D80F00A94D70 /* Sources */ = {
			isa = PBXSourcesBuildPhase;
			buildActionMask = 2147483647;
			files = (
				A1022F7A1C50D80F00A94D70 /* AppDelegate.m in Sources */,
				A17728241C50DA0F005A233C /* DGAdvert.swift in Sources */,
				A1022F771C50D80F00A94D70 /* main.m in Sources */,
			);
			runOnlyForDeploymentPostprocessing = 0;
		};
		A1022F871C50D81000A94D70 /* Sources */ = {
			isa = PBXSourcesBuildPhase;
			buildActionMask = 2147483647;
			files = (
				A1022F901C50D81000A94D70 /* DingGuangTests.m in Sources */,
			);
			runOnlyForDeploymentPostprocessing = 0;
		};
		A1022F921C50D81000A94D70 /* Sources */ = {
			isa = PBXSourcesBuildPhase;
			buildActionMask = 2147483647;
			files = (
				A1022F9B1C50D81000A94D70 /* DingGuangUITests.m in Sources */,
			);
			runOnlyForDeploymentPostprocessing = 0;
		};
/* End PBXSourcesBuildPhase section */

/* Begin PBXTargetDependency section */
		A1022F8D1C50D81000A94D70 /* PBXTargetDependency */ = {
			isa = PBXTargetDependency;
			target = A1022F711C50D80F00A94D70 /* DingGuang */;
			targetProxy = A1022F8C1C50D81000A94D70 /* PBXContainerItemProxy */;
		};
		A1022F981C50D81000A94D70 /* PBXTargetDependency */ = {
			isa = PBXTargetDependency;
			target = A1022F711C50D80F00A94D70 /* DingGuang */;
			targetProxy = A1022F971C50D81000A94D70 /* PBXContainerItemProxy */;
		};
/* End PBXTargetDependency section */

/* Begin PBXVariantGroup section */
		A1022F7E1C50D80F00A94D70 /* Main.storyboard */ = {
			isa = PBXVariantGroup;
			children = (
				A1022F7F1C50D80F00A94D70 /* Base */,
			);
			name = Main.storyboard;
			sourceTree = "<group>";
		};
		A1022F831C50D80F00A94D70 /* LaunchScreen.storyboard */ = {
			isa = PBXVariantGroup;
			children = (
				A1022F841C50D80F00A94D70 /* Base */,
			);
			name = LaunchScreen.storyboard;
			sourceTree = "<group>";
		};
/* End PBXVariantGroup section */

/* Begin XCBuildConfiguration section */
		A1022F9D1C50D81000A94D70 /* Debug */ = {
			isa = XCBuildConfiguration;
			buildSettings = {
				ALWAYS_SEARCH_USER_PATHS = NO;
				CLANG_CXX_LANGUAGE_STANDARD = "gnu++0x";
				CLANG_CXX_LIBRARY = "libc++";
				CLANG_ENABLE_MODULES = YES;
				CLANG_ENABLE_OBJC_ARC = YES;
				CLANG_WARN_BOOL_CONVERSION = YES;
				CLANG_WARN_CONSTANT_CONVERSION = YES;
				CLANG_WARN_DIRECT_OBJC_ISA_USAGE = YES_ERROR;
				CLANG_WARN_EMPTY_BODY = YES;
				CLANG_WARN_ENUM_CONVERSION = YES;
				CLANG_WARN_INT_CONVERSION = YES;
				CLANG_WARN_OBJC_ROOT_CLASS = YES_ERROR;
				CLANG_WARN_UNREACHABLE_CODE = YES;
				CLANG_WARN__DUPLICATE_METHOD_MATCH = YES;
				"CODE_SIGN_IDENTITY[sdk=iphoneos*]" = "iPhone Developer";
				COPY_PHASE_STRIP = NO;
				DEBUG_INFORMATION_FORMAT = dwarf;
				ENABLE_STRICT_OBJC_MSGSEND = YES;
				ENABLE_TESTABILITY = YES;
				GCC_C_LANGUAGE_STANDARD = gnu99;
				GCC_DYNAMIC_NO_PIC = NO;
				GCC_NO_COMMON_BLOCKS = YES;
				GCC_OPTIMIZATION_LEVEL = 0;
				GCC_PREPROCESSOR_DEFINITIONS = (
					"DEBUG=1",
					"$(inherited)",
				);
				GCC_WARN_64_TO_32_BIT_CONVERSION = YES;
				GCC_WARN_ABOUT_RETURN_TYPE = YES_ERROR;
				GCC_WARN_UNDECLARED_SELECTOR = YES;
				GCC_WARN_UNINITIALIZED_AUTOS = YES_AGGRESSIVE;
				GCC_WARN_UNUSED_FUNCTION = YES;
				GCC_WARN_UNUSED_VARIABLE = YES;
				IPHONEOS_DEPLOYMENT_TARGET = 9.2;
				MTL_ENABLE_DEBUG_INFO = YES;
				ONLY_ACTIVE_ARCH = YES;
				SDKROOT = iphoneos;
				TARGETED_DEVICE_FAMILY = "1,2";
			};
			name = Debug;
		};
		A1022F9E1C50D81000A94D70 /* Release */ = {
			isa = XCBuildConfiguration;
			buildSettings = {
				ALWAYS_SEARCH_USER_PATHS = NO;
				CLANG_CXX_LANGUAGE_STANDARD = "gnu++0x";
				CLANG_CXX_LIBRARY = "libc++";
				CLANG_ENABLE_MODULES = YES;
				CLANG_ENABLE_OBJC_ARC = YES;
				CLANG_WARN_BOOL_CONVERSION = YES;
				CLANG_WARN_CONSTANT_CONVERSION = YES;
				CLANG_WARN_DIRECT_OBJC_ISA_USAGE = YES_ERROR;
				CLANG_WARN_EMPTY_BODY = YES;
				CLANG_WARN_ENUM_CONVERSION = YES;
				CLANG_WARN_INT_CONVERSION = YES;
				CLANG_WARN_OBJC_ROOT_CLASS = YES_ERROR;
				CLANG_WARN_UNREACHABLE_CODE = YES;
				CLANG_WARN__DUPLICATE_METHOD_MATCH = YES;
				"CODE_SIGN_IDENTITY[sdk=iphoneos*]" = "iPhone Developer";
				COPY_PHASE_STRIP = NO;
				DEBUG_INFORMATION_FORMAT = "dwarf-with-dsym";
				ENABLE_NS_ASSERTIONS = NO;
				ENABLE_STRICT_OBJC_MSGSEND = YES;
				GCC_C_LANGUAGE_STANDARD = gnu99;
				GCC_NO_COMMON_BLOCKS = YES;
				GCC_WARN_64_TO_32_BIT_CONVERSION = YES;
				GCC_WARN_ABOUT_RETURN_TYPE = YES_ERROR;
				GCC_WARN_UNDECLARED_SELECTOR = YES;
				GCC_WARN_UNINITIALIZED_AUTOS = YES_AGGRESSIVE;
				GCC_WARN_UNUSED_FUNCTION = YES;
				GCC_WARN_UNUSED_VARIABLE = YES;
				IPHONEOS_DEPLOYMENT_TARGET = 9.2;
				MTL_ENABLE_DEBUG_INFO = NO;
				SDKROOT = iphoneos;
				TARGETED_DEVICE_FAMILY = "1,2";
				VALIDATE_PRODUCT = YES;
			};
			name = Release;
		};
		A1022FA01C50D81000A94D70 /* Debug */ = {
			isa = XCBuildConfiguration;
			baseConfigurationReference = 078039DCC87980AC289EB4A9 /* Pods.debug.xcconfig */;
			buildSettings = {
				ASSETCATALOG_COMPILER_APPICON_NAME = AppIcon;
				CLANG_ENABLE_MODULES = YES;
				DEFINES_MODULE = NO;
				INFOPLIST_FILE = DingGuang/Info.plist;
				LD_RUNPATH_SEARCH_PATHS = "$(inherited) @executable_path/Frameworks";
				PRODUCT_BUNDLE_IDENTIFIER = com.dingguangjqr.DingGuang;
				PRODUCT_NAME = "$(TARGET_NAME)";
				SWIFT_OBJC_BRIDGING_HEADER = "DingGuang/DingGuang-Bridging-Header.h";
				SWIFT_OPTIMIZATION_LEVEL = "-Onone";
			};
			name = Debug;
		};
		A1022FA11C50D81000A94D70 /* Release */ = {
			isa = XCBuildConfiguration;
			baseConfigurationReference = 1F98D1B1232B5979A77A53CE /* Pods.release.xcconfig */;
			buildSettings = {
				ASSETCATALOG_COMPILER_APPICON_NAME = AppIcon;
				CLANG_ENABLE_MODULES = YES;
				DEFINES_MODULE = NO;
				INFOPLIST_FILE = DingGuang/Info.plist;
				LD_RUNPATH_SEARCH_PATHS = "$(inherited) @executable_path/Frameworks";
				PRODUCT_BUNDLE_IDENTIFIER = com.dingguangjqr.DingGuang;
				PRODUCT_NAME = "$(TARGET_NAME)";
				SWIFT_OBJC_BRIDGING_HEADER = "DingGuang/DingGuang-Bridging-Header.h";
			};
			name = Release;
		};
		A1022FA31C50D81000A94D70 /* Debug */ = {
			isa = XCBuildConfiguration;
			buildSettings = {
				BUNDLE_LOADER = "$(TEST_HOST)";
				INFOPLIST_FILE = DingGuangTests/Info.plist;
				LD_RUNPATH_SEARCH_PATHS = "$(inherited) @executable_path/Frameworks @loader_path/Frameworks";
				PRODUCT_BUNDLE_IDENTIFIER = com.dingguangjqr.DingGuangTests;
				PRODUCT_NAME = "$(TARGET_NAME)";
				TEST_HOST = "$(BUILT_PRODUCTS_DIR)/DingGuang.app/DingGuang";
			};
			name = Debug;
		};
		A1022FA41C50D81000A94D70 /* Release */ = {
			isa = XCBuildConfiguration;
			buildSettings = {
				BUNDLE_LOADER = "$(TEST_HOST)";
				INFOPLIST_FILE = DingGuangTests/Info.plist;
				LD_RUNPATH_SEARCH_PATHS = "$(inherited) @executable_path/Frameworks @loader_path/Frameworks";
				PRODUCT_BUNDLE_IDENTIFIER = com.dingguangjqr.DingGuangTests;
				PRODUCT_NAME = "$(TARGET_NAME)";
				TEST_HOST = "$(BUILT_PRODUCTS_DIR)/DingGuang.app/DingGuang";
			};
			name = Release;
		};
		A1022FA61C50D81000A94D70 /* Debug */ = {
			isa = XCBuildConfiguration;
			buildSettings = {
				INFOPLIST_FILE = DingGuangUITests/Info.plist;
				LD_RUNPATH_SEARCH_PATHS = "$(inherited) @executable_path/Frameworks @loader_path/Frameworks";
				PRODUCT_BUNDLE_IDENTIFIER = com.dingguangjqr.DingGuangUITests;
				PRODUCT_NAME = "$(TARGET_NAME)";
				TEST_TARGET_NAME = DingGuang;
				USES_XCTRUNNER = YES;
			};
			name = Debug;
		};
		A1022FA71C50D81000A94D70 /* Release */ = {
			isa = XCBuildConfiguration;
			buildSettings = {
				INFOPLIST_FILE = DingGuangUITests/Info.plist;
				LD_RUNPATH_SEARCH_PATHS = "$(inherited) @executable_path/Frameworks @loader_path/Frameworks";
				PRODUCT_BUNDLE_IDENTIFIER = com.dingguangjqr.DingGuangUITests;
				PRODUCT_NAME = "$(TARGET_NAME)";
				TEST_TARGET_NAME = DingGuang;
				USES_XCTRUNNER = YES;
			};
			name = Release;
		};
/* End XCBuildConfiguration section */

/* Begin XCConfigurationList section */
		A1022F6D1C50D80F00A94D70 /* Build configuration list for PBXProject "DingGuang" */ = {
			isa = XCConfigurationList;
			buildConfigurations = (
				A1022F9D1C50D81000A94D70 /* Debug */,
				A1022F9E1C50D81000A94D70 /* Release */,
			);
			defaultConfigurationIsVisible = 0;
			defaultConfigurationName = Release;
		};
		A1022F9F1C50D81000A94D70 /* Build configuration list for PBXNativeTarget "DingGuang" */ = {
			isa = XCConfigurationList;
			buildConfigurations = (
				A1022FA01C50D81000A94D70 /* Debug */,
				A1022FA11C50D81000A94D70 /* Release */,
			);
			defaultConfigurationIsVisible = 0;
			defaultConfigurationName = Release;
		};
		A1022FA21C50D81000A94D70 /* Build configuration list for PBXNativeTarget "DingGuangTests" */ = {
			isa = XCConfigurationList;
			buildConfigurations = (
				A1022FA31C50D81000A94D70 /* Debug */,
				A1022FA41C50D81000A94D70 /* Release */,
			);
			defaultConfigurationIsVisible = 0;
			defaultConfigurationName = Release;
		};
		A1022FA51C50D81000A94D70 /* Build configuration list for PBXNativeTarget "DingGuangUITests" */ = {
			isa = XCConfigurationList;
			buildConfigurations = (
				A1022FA61C50D81000A94D70 /* Debug */,
				A1022FA71C50D81000A94D70 /* Release */,
			);
			defaultConfigurationIsVisible = 0;
			defaultConfigurationName = Release;
		};
/* End XCConfigurationList section */
	};
	rootObject = A1022F6A1C50D80F00A94D70 /* Project object */;
}
